
Microsoft Visual Studio Solution File, Format Version 12.00
# Visual Studio Version 17
VisualStudioVersion = 17.0.31903.59
MinimumVisualStudioVersion = 10.0.40219.1
Project("{2150E333-8FDC-42A3-9474-1A3956D46DE8}") = "src", "src", "{E07CA3F4-F920-4DD3-BC15-DCB6EAF1B31D}"
EndProject
Project("{FAE04EC0-301F-11D3-BF4B-00C04F79EFBC}") = "Domain", "src\Domain\Domain.csproj", "{2DE344B8-9C7D-4F53-96E6-856F1C021F9B}"
EndProject
Project("{FAE04EC0-301F-11D3-BF4B-00C04F79EFBC}") = "Application", "src\Application\Application.csproj", "{A8C6BCD0-55A7-4516-B930-F406EFC340A0}"
EndProject
Project("{FAE04EC0-301F-11D3-BF4B-00C04F79EFBC}") = "Infrastructure", "src\Infrastructure\Infrastructure.csproj", "{4B758FEA-C7DA-499C-B384-469E6C42564C}"
EndProject
Project("{FAE04EC0-301F-11D3-BF4B-00C04F79EFBC}") = "API", "src\API\API.csproj", "{1C2EBEBD-AC43-4DAE-B4A2-3947A3F45B7A}"
EndProject
Global
	GlobalSection(SolutionConfigurationPlatforms) = preSolution
		Debug|Any CPU = Debug|Any CPU
		Release|Any CPU = Release|Any CPU
	EndGlobalSection
	GlobalSection(SolutionProperties) = preSolution
		HideSolutionNode = FALSE
	EndGlobalSection
	GlobalSection(ProjectConfigurationPlatforms) = postSolution
		{2DE344B8-9C7D-4F53-96E6-856F1C021F9B}.Debug|Any CPU.ActiveCfg = Debug|Any CPU
		{2DE344B8-9C7D-4F53-96E6-856F1C021F9B}.Debug|Any CPU.Build.0 = Debug|Any CPU
		{2DE344B8-9C7D-4F53-96E6-856F1C021F9B}.Release|Any CPU.ActiveCfg = Release|Any CPU
		{2DE344B8-9C7D-4F53-96E6-856F1C021F9B}.Release|Any CPU.Build.0 = Release|Any CPU
		{A8C6BCD0-55A7-4516-B930-F406EFC340A0}.Debug|Any CPU.ActiveCfg = Debug|Any CPU
		{A8C6BCD0-55A7-4516-B930-F406EFC340A0}.Debug|Any CPU.Build.0 = Debug|Any CPU
		{A8C6BCD0-55A7-4516-B930-F406EFC340A0}.Release|Any CPU.ActiveCfg = Release|Any CPU
		{A8C6BCD0-55A7-4516-B930-F406EFC340A0}.Release|Any CPU.Build.0 = Release|Any CPU
		{4B758FEA-C7DA-499C-B384-469E6C42564C}.Debug|Any CPU.ActiveCfg = Debug|Any CPU
		{4B758FEA-C7DA-499C-B384-469E6C42564C}.Debug|Any CPU.Build.0 = Debug|Any CPU
		{4B758FEA-C7DA-499C-B384-469E6C42564C}.Release|Any CPU.ActiveCfg = Release|Any CPU
		{4B758FEA-C7DA-499C-B384-469E6C42564C}.Release|Any CPU.Build.0 = Release|Any CPU
		{1C2EBEBD-AC43-4DAE-B4A2-3947A3F45B7A}.Debug|Any CPU.ActiveCfg = Debug|Any CPU
		{1C2EBEBD-AC43-4DAE-B4A2-3947A3F45B7A}.Debug|Any CPU.Build.0 = Debug|Any CPU
		{1C2EBEBD-AC43-4DAE-B4A2-3947A3F45B7A}.Release|Any CPU.ActiveCfg = Release|Any CPU
		{1C2EBEBD-AC43-4DAE-B4A2-3947A3F45B7A}.Release|Any CPU.Build.0 = Release|Any CPU
	EndGlobalSection
	GlobalSection(NestedProjects) = preSolution
		{2DE344B8-9C7D-4F53-96E6-856F1C021F9B} = {E07CA3F4-F920-4DD3-BC15-DCB6EAF1B31D}
		{A8C6BCD0-55A7-4516-B930-F406EFC340A0} = {E07CA3F4-F920-4DD3-BC15-DCB6EAF1B31D}
		{4B758FEA-C7DA-499C-B384-469E6C42564C} = {E07CA3F4-F920-4DD3-BC15-DCB6EAF1B31D}
		{1C2EBEBD-AC43-4DAE-B4A2-3947A3F45B7A} = {E07CA3F4-F920-4DD3-BC15-DCB6EAF1B31D}
	EndGlobalSection
EndGlobal
